// !$*UTF8*$!
{
	archiveVersion = 1;
	classes = {
	};
	objectVersion = 52;
	objects = {

/* Begin PBXBuildFile section */
		040562B426A0B56B00D85741 /* ClothingViewModel.swift in Sources */ = {isa = PBXBuildFile; fileRef = 040562B326A0B56B00D85741 /* ClothingViewModel.swift */; };
		0440300C263ACBEC00B11C08 /* Session.swift in Sources */ = {isa = PBXBuildFile; fileRef = 0440300B263ACBEC00B11C08 /* Session.swift */; };
		04447AD6263AF8CF00D84306 /* GlassMorphismic in Frameworks */ = {isa = PBXBuildFile; productRef = 04447AD5263AF8CF00D84306 /* GlassMorphismic */; };
		045500DF26374AA500CDE69E /* AppDelegate.swift in Sources */ = {isa = PBXBuildFile; fileRef = 045500DE26374AA500CDE69E /* AppDelegate.swift */; };
		045500E126374AA500CDE69E /* SceneDelegate.swift in Sources */ = {isa = PBXBuildFile; fileRef = 045500E026374AA500CDE69E /* SceneDelegate.swift */; };
		045500E526374AA700CDE69E /* Assets.xcassets in Resources */ = {isa = PBXBuildFile; fileRef = 045500E426374AA700CDE69E /* Assets.xcassets */; };
		045500E826374AA700CDE69E /* Preview Assets.xcassets in Resources */ = {isa = PBXBuildFile; fileRef = 045500E726374AA700CDE69E /* Preview Assets.xcassets */; };
		045500EB26374AA700CDE69E /* LaunchScreen.storyboard in Resources */ = {isa = PBXBuildFile; fileRef = 045500E926374AA700CDE69E /* LaunchScreen.storyboard */; };
		045BC6CB263C7C07008758C8 /* LogIn.swift in Sources */ = {isa = PBXBuildFile; fileRef = 045BC6CA263C7C07008758C8 /* LogIn.swift */; };
		045BC6CE263C7C60008758C8 /* Home.swift in Sources */ = {isa = PBXBuildFile; fileRef = 045BC6CD263C7C60008758C8 /* Home.swift */; };
		045BC6E2263C80DA008758C8 /* ProfilePage.swift in Sources */ = {isa = PBXBuildFile; fileRef = 045BC6E1263C80DA008758C8 /* ProfilePage.swift */; };
		04697FB3264C94DF00AAE90F /* LogInChoser.swift in Sources */ = {isa = PBXBuildFile; fileRef = 04697FB2264C94DF00AAE90F /* LogInChoser.swift */; };
		04A926EA26409F0D00AE01D5 /* GoogleService-Info.plist in Resources */ = {isa = PBXBuildFile; fileRef = 04A926E926409F0D00AE01D5 /* GoogleService-Info.plist */; };
		04BB2DC3268CDC2200E1EFCE /* AddNew.swift in Sources */ = {isa = PBXBuildFile; fileRef = 04BB2DC2268CDC2200E1EFCE /* AddNew.swift */; };
		04BB2DC5268CE37D00E1EFCE /* Wardrobe.swift in Sources */ = {isa = PBXBuildFile; fileRef = 04BB2DC4268CE37D00E1EFCE /* Wardrobe.swift */; };
		04FC8CA22649ACC600E86767 /* SignUp.swift in Sources */ = {isa = PBXBuildFile; fileRef = 04FC8CA12649ACC600E86767 /* SignUp.swift */; };
		B78E7E06D0B123CEE41CFB14 /* Pods_DressApp.framework in Frameworks */ = {isa = PBXBuildFile; fileRef = B1BBEBAD906E9FE798711D54 /* Pods_DressApp.framework */; };
/* End PBXBuildFile section */

/* Begin PBXFileReference section */
		040562B326A0B56B00D85741 /* ClothingViewModel.swift */ = {isa = PBXFileReference; lastKnownFileType = sourcecode.swift; path = ClothingViewModel.swift; sourceTree = "<group>"; };
		0440300B263ACBEC00B11C08 /* Session.swift */ = {isa = PBXFileReference; lastKnownFileType = sourcecode.swift; path = Session.swift; sourceTree = "<group>"; };
		045500DB26374AA500CDE69E /* DressApp.app */ = {isa = PBXFileReference; explicitFileType = wrapper.application; includeInIndex = 0; path = DressApp.app; sourceTree = BUILT_PRODUCTS_DIR; };
		045500DE26374AA500CDE69E /* AppDelegate.swift */ = {isa = PBXFileReference; lastKnownFileType = sourcecode.swift; path = AppDelegate.swift; sourceTree = "<group>"; };
		045500E026374AA500CDE69E /* SceneDelegate.swift */ = {isa = PBXFileReference; lastKnownFileType = sourcecode.swift; path = SceneDelegate.swift; sourceTree = "<group>"; };
		045500E426374AA700CDE69E /* Assets.xcassets */ = {isa = PBXFileReference; lastKnownFileType = folder.assetcatalog; path = Assets.xcassets; sourceTree = "<group>"; };
		045500E726374AA700CDE69E /* Preview Assets.xcassets */ = {isa = PBXFileReference; lastKnownFileType = folder.assetcatalog; path = "Preview Assets.xcassets"; sourceTree = "<group>"; };
		045500EA26374AA700CDE69E /* Base */ = {isa = PBXFileReference; lastKnownFileType = file.storyboard; name = Base; path = Base.lproj/LaunchScreen.storyboard; sourceTree = "<group>"; };
		045500EC26374AA700CDE69E /* Info.plist */ = {isa = PBXFileReference; lastKnownFileType = text.plist.xml; path = Info.plist; sourceTree = "<group>"; };
		045BC6CA263C7C07008758C8 /* LogIn.swift */ = {isa = PBXFileReference; lastKnownFileType = sourcecode.swift; path = LogIn.swift; sourceTree = "<group>"; };
		045BC6CD263C7C60008758C8 /* Home.swift */ = {isa = PBXFileReference; lastKnownFileType = sourcecode.swift; path = Home.swift; sourceTree = "<group>"; };
		045BC6E1263C80DA008758C8 /* ProfilePage.swift */ = {isa = PBXFileReference; lastKnownFileType = sourcecode.swift; path = ProfilePage.swift; sourceTree = "<group>"; };
		04697FB2264C94DF00AAE90F /* LogInChoser.swift */ = {isa = PBXFileReference; lastKnownFileType = sourcecode.swift; path = LogInChoser.swift; sourceTree = "<group>"; };
		04A926E926409F0D00AE01D5 /* GoogleService-Info.plist */ = {isa = PBXFileReference; fileEncoding = 4; lastKnownFileType = text.plist.xml; name = "GoogleService-Info.plist"; path = "../../../../Downloads/GoogleService-Info.plist"; sourceTree = "<group>"; };
		04BB2DC2268CDC2200E1EFCE /* AddNew.swift */ = {isa = PBXFileReference; lastKnownFileType = sourcecode.swift; path = AddNew.swift; sourceTree = "<group>"; };
		04BB2DC4268CE37D00E1EFCE /* Wardrobe.swift */ = {isa = PBXFileReference; lastKnownFileType = sourcecode.swift; path = Wardrobe.swift; sourceTree = "<group>"; };
		04FC8CA12649ACC600E86767 /* SignUp.swift */ = {isa = PBXFileReference; lastKnownFileType = sourcecode.swift; path = SignUp.swift; sourceTree = "<group>"; };
		427CF2A7B47D51BAEA106390 /* Pods-DressApp.debug.xcconfig */ = {isa = PBXFileReference; includeInIndex = 1; lastKnownFileType = text.xcconfig; name = "Pods-DressApp.debug.xcconfig"; path = "Target Support Files/Pods-DressApp/Pods-DressApp.debug.xcconfig"; sourceTree = "<group>"; };
		9F39979681CB894E2BBC702C /* Pods-DressApp.release.xcconfig */ = {isa = PBXFileReference; includeInIndex = 1; lastKnownFileType = text.xcconfig; name = "Pods-DressApp.release.xcconfig"; path = "Target Support Files/Pods-DressApp/Pods-DressApp.release.xcconfig"; sourceTree = "<group>"; };
		B1BBEBAD906E9FE798711D54 /* Pods_DressApp.framework */ = {isa = PBXFileReference; explicitFileType = wrapper.framework; includeInIndex = 0; path = Pods_DressApp.framework; sourceTree = BUILT_PRODUCTS_DIR; };
/* End PBXFileReference section */

/* Begin PBXFrameworksBuildPhase section */
		045500D826374AA500CDE69E /* Frameworks */ = {
			isa = PBXFrameworksBuildPhase;
			buildActionMask = 2147483647;
			files = (
				04447AD6263AF8CF00D84306 /* GlassMorphismic in Frameworks */,
				B78E7E06D0B123CEE41CFB14 /* Pods_DressApp.framework in Frameworks */,
			);
			runOnlyForDeploymentPostprocessing = 0;
		};
/* End PBXFrameworksBuildPhase section */

/* Begin PBXGroup section */
		040562B126A0B53F00D85741 /* Model */ = {
			isa = PBXGroup;
			children = (
				045500DE26374AA500CDE69E /* AppDelegate.swift */,
				045500E026374AA500CDE69E /* SceneDelegate.swift */,
			);
			path = Model;
			sourceTree = "<group>";
		};
		040562B226A0B55000D85741 /* ViewModel */ = {
			isa = PBXGroup;
			children = (
				040562B326A0B56B00D85741 /* ClothingViewModel.swift */,
			);
			path = ViewModel;
			sourceTree = "<group>";
		};
		045500D226374AA500CDE69E = {
			isa = PBXGroup;
			children = (
				045500DD26374AA500CDE69E /* DressApp */,
				045500DC26374AA500CDE69E /* Products */,
				A09ED6EEBE6BCA431D940532 /* Pods */,
				EF2E92E49EB18B8CFF1AEA1B /* Frameworks */,
			);
			sourceTree = "<group>";
		};
		045500DC26374AA500CDE69E /* Products */ = {
			isa = PBXGroup;
			children = (
				045500DB26374AA500CDE69E /* DressApp.app */,
			);
			name = Products;
			sourceTree = "<group>";
		};
		045500DD26374AA500CDE69E /* DressApp */ = {
			isa = PBXGroup;
			children = (
				040562B226A0B55000D85741 /* ViewModel */,
				04B9DB8D26793492002EA231 /* LogIn */,
				04B9DB8E267934BA002EA231 /* App */,
				040562B126A0B53F00D85741 /* Model */,
				045500E426374AA700CDE69E /* Assets.xcassets */,
				045500E926374AA700CDE69E /* LaunchScreen.storyboard */,
				04A926E926409F0D00AE01D5 /* GoogleService-Info.plist */,
				045500EC26374AA700CDE69E /* Info.plist */,
				045500E626374AA700CDE69E /* Preview Content */,
			);
			path = DressApp;
			sourceTree = "<group>";
		};
		045500E626374AA700CDE69E /* Preview Content */ = {
			isa = PBXGroup;
			children = (
				045500E726374AA700CDE69E /* Preview Assets.xcassets */,
			);
			path = "Preview Content";
			sourceTree = "<group>";
		};
		04B9DB8D26793492002EA231 /* LogIn */ = {
			isa = PBXGroup;
			children = (
				045BC6CA263C7C07008758C8 /* LogIn.swift */,
				0440300B263ACBEC00B11C08 /* Session.swift */,
				04FC8CA12649ACC600E86767 /* SignUp.swift */,
				04697FB2264C94DF00AAE90F /* LogInChoser.swift */,
			);
			path = LogIn;
			sourceTree = "<group>";
		};
		04B9DB8E267934BA002EA231 /* App */ = {
			isa = PBXGroup;
			children = (
				045BC6CD263C7C60008758C8 /* Home.swift */,
				04BB2DC2268CDC2200E1EFCE /* AddNew.swift */,
				04BB2DC4268CE37D00E1EFCE /* Wardrobe.swift */,
				045BC6E1263C80DA008758C8 /* ProfilePage.swift */,
			);
			path = App;
			sourceTree = "<group>";
		};
		A09ED6EEBE6BCA431D940532 /* Pods */ = {
			isa = PBXGroup;
			children = (
				427CF2A7B47D51BAEA106390 /* Pods-DressApp.debug.xcconfig */,
				9F39979681CB894E2BBC702C /* Pods-DressApp.release.xcconfig */,
			);
			path = Pods;
			sourceTree = "<group>";
		};
		EF2E92E49EB18B8CFF1AEA1B /* Frameworks */ = {
			isa = PBXGroup;
			children = (
				B1BBEBAD906E9FE798711D54 /* Pods_DressApp.framework */,
			);
			name = Frameworks;
			sourceTree = "<group>";
		};
/* End PBXGroup section */

/* Begin PBXNativeTarget section */
		045500DA26374AA500CDE69E /* DressApp */ = {
			isa = PBXNativeTarget;
			buildConfigurationList = 045500EF26374AA700CDE69E /* Build configuration list for PBXNativeTarget "DressApp" */;
			buildPhases = (
				99BE98964D31AE6B0632C68B /* [CP] Check Pods Manifest.lock */,
				045500D726374AA500CDE69E /* Sources */,
				045500D826374AA500CDE69E /* Frameworks */,
				045500D926374AA500CDE69E /* Resources */,
				9A7D539FA94E18BB3809E238 /* [CP] Embed Pods Frameworks */,
				81BA8968CE0A8CDAC105229A /* [CP] Copy Pods Resources */,
			);
			buildRules = (
			);
			dependencies = (
			);
			name = DressApp;
			packageProductDependencies = (
				04447AD5263AF8CF00D84306 /* GlassMorphismic */,
			);
			productName = DressApp;
			productReference = 045500DB26374AA500CDE69E /* DressApp.app */;
			productType = "com.apple.product-type.application";
		};
/* End PBXNativeTarget section */

/* Begin PBXProject section */
		045500D326374AA500CDE69E /* Project object */ = {
			isa = PBXProject;
			attributes = {
				LastSwiftUpdateCheck = 1240;
				LastUpgradeCheck = 1240;
				TargetAttributes = {
					045500DA26374AA500CDE69E = {
						CreatedOnToolsVersion = 12.4;
					};
				};
			};
			buildConfigurationList = 045500D626374AA500CDE69E /* Build configuration list for PBXProject "DressApp" */;
			compatibilityVersion = "Xcode 9.3";
			developmentRegion = en;
			hasScannedForEncodings = 0;
			knownRegions = (
				en,
				Base,
			);
			mainGroup = 045500D226374AA500CDE69E;
			packageReferences = (
				04447AD4263AF8CF00D84306 /* XCRemoteSwiftPackageReference "GlassMorphismic" */,
			);
			productRefGroup = 045500DC26374AA500CDE69E /* Products */;
			projectDirPath = "";
			projectRoot = "";
			targets = (
				045500DA26374AA500CDE69E /* DressApp */,
			);
		};
/* End PBXProject section */

/* Begin PBXResourcesBuildPhase section */
		045500D926374AA500CDE69E /* Resources */ = {
			isa = PBXResourcesBuildPhase;
			buildActionMask = 2147483647;
			files = (
				045500EB26374AA700CDE69E /* LaunchScreen.storyboard in Resources */,
				04A926EA26409F0D00AE01D5 /* GoogleService-Info.plist in Resources */,
				045500E826374AA700CDE69E /* Preview Assets.xcassets in Resources */,
				045500E526374AA700CDE69E /* Assets.xcassets in Resources */,
			);
			runOnlyForDeploymentPostprocessing = 0;
		};
/* End PBXResourcesBuildPhase section */

/* Begin PBXShellScriptBuildPhase section */
		81BA8968CE0A8CDAC105229A /* [CP] Copy Pods Resources */ = {
			isa = PBXShellScriptBuildPhase;
			buildActionMask = 2147483647;
			files = (
			);
			inputFileListPaths = (
				"${PODS_ROOT}/Target Support Files/Pods-DressApp/Pods-DressApp-resources-${CONFIGURATION}-input-files.xcfilelist",
			);
			name = "[CP] Copy Pods Resources";
			outputFileListPaths = (
				"${PODS_ROOT}/Target Support Files/Pods-DressApp/Pods-DressApp-resources-${CONFIGURATION}-output-files.xcfilelist",
			);
			runOnlyForDeploymentPostprocessing = 0;
			shellPath = /bin/sh;
			shellScript = "\"${PODS_ROOT}/Target Support Files/Pods-DressApp/Pods-DressApp-resources.sh\"\n";
			showEnvVarsInLog = 0;
		};
		99BE98964D31AE6B0632C68B /* [CP] Check Pods Manifest.lock */ = {
			isa = PBXShellScriptBuildPhase;
			buildActionMask = 2147483647;
			files = (
			);
			inputFileListPaths = (
			);
			inputPaths = (
				"${PODS_PODFILE_DIR_PATH}/Podfile.lock",
				"${PODS_ROOT}/Manifest.lock",
			);
			name = "[CP] Check Pods Manifest.lock";
			outputFileListPaths = (
			);
			outputPaths = (
				"$(DERIVED_FILE_DIR)/Pods-DressApp-checkManifestLockResult.txt",
			);
			runOnlyForDeploymentPostprocessing = 0;
			shellPath = /bin/sh;
			shellScript = "diff \"${PODS_PODFILE_DIR_PATH}/Podfile.lock\" \"${PODS_ROOT}/Manifest.lock\" > /dev/null\nif [ $? != 0 ] ; then\n    # print error to STDERR\n    echo \"error: The sandbox is not in sync with the Podfile.lock. Run 'pod install' or update your CocoaPods installation.\" >&2\n    exit 1\nfi\n# This output is used by Xcode 'outputs' to avoid re-running this script phase.\necho \"SUCCESS\" > \"${SCRIPT_OUTPUT_FILE_0}\"\n";
			showEnvVarsInLog = 0;
		};
		9A7D539FA94E18BB3809E238 /* [CP] Embed Pods Frameworks */ = {
			isa = PBXShellScriptBuildPhase;
			buildActionMask = 2147483647;
			files = (
			);
			inputFileListPaths = (
				"${PODS_ROOT}/Target Support Files/Pods-DressApp/Pods-DressApp-frameworks-${CONFIGURATION}-input-files.xcfilelist",
			);
			name = "[CP] Embed Pods Frameworks";
			outputFileListPaths = (
				"${PODS_ROOT}/Target Support Files/Pods-DressApp/Pods-DressApp-frameworks-${CONFIGURATION}-output-files.xcfilelist",
			);
			runOnlyForDeploymentPostprocessing = 0;
			shellPath = /bin/sh;
			shellScript = "\"${PODS_ROOT}/Target Support Files/Pods-DressApp/Pods-DressApp-frameworks.sh\"\n";
			showEnvVarsInLog = 0;
		};
/* End PBXShellScriptBuildPhase section */

/* Begin PBXSourcesBuildPhase section */
		045500D726374AA500CDE69E /* Sources */ = {
			isa = PBXSourcesBuildPhase;
			buildActionMask = 2147483647;
			files = (
				04BB2DC3268CDC2200E1EFCE /* AddNew.swift in Sources */,
				045500DF26374AA500CDE69E /* AppDelegate.swift in Sources */,
				045500E126374AA500CDE69E /* SceneDelegate.swift in Sources */,
				04FC8CA22649ACC600E86767 /* SignUp.swift in Sources */,
				045BC6E2263C80DA008758C8 /* ProfilePage.swift in Sources */,
				04BB2DC5268CE37D00E1EFCE /* Wardrobe.swift in Sources */,
				045BC6CE263C7C60008758C8 /* Home.swift in Sources */,
				0440300C263ACBEC00B11C08 /* Session.swift in Sources */,
				04697FB3264C94DF00AAE90F /* LogInChoser.swift in Sources */,
				040562B426A0B56B00D85741 /* ClothingViewModel.swift in Sources */,
				045BC6CB263C7C07008758C8 /* LogIn.swift in Sources */,
			);
			runOnlyForDeploymentPostprocessing = 0;
		};
/* End PBXSourcesBuildPhase section */

/* Begin PBXVariantGroup section */
		045500E926374AA700CDE69E /* LaunchScreen.storyboard */ = {
			isa = PBXVariantGroup;
			children = (
				045500EA26374AA700CDE69E /* Base */,
			);
			name = LaunchScreen.storyboard;
			sourceTree = "<group>";
		};
/* End PBXVariantGroup section */

/* Begin XCBuildConfiguration section */
		045500ED26374AA700CDE69E /* Debug */ = {
			isa = XCBuildConfiguration;
			buildSettings = {
				ALWAYS_SEARCH_USER_PATHS = NO;
				CLANG_ANALYZER_NONNULL = YES;
				CLANG_ANALYZER_NUMBER_OBJECT_CONVERSION = YES_AGGRESSIVE;
				CLANG_CXX_LANGUAGE_STANDARD = "gnu++14";
				CLANG_CXX_LIBRARY = "libc++";
				CLANG_ENABLE_MODULES = YES;
				CLANG_ENABLE_OBJC_ARC = YES;
				CLANG_ENABLE_OBJC_WEAK = YES;
				CLANG_WARN_BLOCK_CAPTURE_AUTORELEASING = YES;
				CLANG_WARN_BOOL_CONVERSION = YES;
				CLANG_WARN_COMMA = YES;
				CLANG_WARN_CONSTANT_CONVERSION = YES;
				CLANG_WARN_DEPRECATED_OBJC_IMPLEMENTATIONS = YES;
				CLANG_WARN_DIRECT_OBJC_ISA_USAGE = YES_ERROR;
				CLANG_WARN_DOCUMENTATION_COMMENTS = YES;
				CLANG_WARN_EMPTY_BODY = YES;
				CLANG_WARN_ENUM_CONVERSION = YES;
				CLANG_WARN_INFINITE_RECURSION = YES;
				CLANG_WARN_INT_CONVERSION = YES;
				CLANG_WARN_NON_LITERAL_NULL_CONVERSION = YES;
				CLANG_WARN_OBJC_IMPLICIT_RETAIN_SELF = YES;
				CLANG_WARN_OBJC_LITERAL_CONVERSION = YES;
				CLANG_WARN_OBJC_ROOT_CLASS = YES_ERROR;
				CLANG_WARN_QUOTED_INCLUDE_IN_FRAMEWORK_HEADER = YES;
				CLANG_WARN_RANGE_LOOP_ANALYSIS = YES;
				CLANG_WARN_STRICT_PROTOTYPES = YES;
				CLANG_WARN_SUSPICIOUS_MOVE = YES;
				CLANG_WARN_UNGUARDED_AVAILABILITY = YES_AGGRESSIVE;
				CLANG_WARN_UNREACHABLE_CODE = YES;
				CLANG_WARN__DUPLICATE_METHOD_MATCH = YES;
				COPY_PHASE_STRIP = NO;
				DEBUG_INFORMATION_FORMAT = dwarf;
				ENABLE_STRICT_OBJC_MSGSEND = YES;
				ENABLE_TESTABILITY = YES;
				GCC_C_LANGUAGE_STANDARD = gnu11;
				GCC_DYNAMIC_NO_PIC = NO;
				GCC_NO_COMMON_BLOCKS = YES;
				GCC_OPTIMIZATION_LEVEL = 0;
				GCC_PREPROCESSOR_DEFINITIONS = (
					"DEBUG=1",
					"$(inherited)",
				);
				GCC_WARN_64_TO_32_BIT_CONVERSION = YES;
				GCC_WARN_ABOUT_RETURN_TYPE = YES_ERROR;
				GCC_WARN_UNDECLARED_SELECTOR = YES;
				GCC_WARN_UNINITIALIZED_AUTOS = YES_AGGRESSIVE;
				GCC_WARN_UNUSED_FUNCTION = YES;
				GCC_WARN_UNUSED_VARIABLE = YES;
				IPHONEOS_DEPLOYMENT_TARGET = 14.4;
				MTL_ENABLE_DEBUG_INFO = INCLUDE_SOURCE;
				MTL_FAST_MATH = YES;
				ONLY_ACTIVE_ARCH = YES;
				SDKROOT = iphoneos;
				SWIFT_ACTIVE_COMPILATION_CONDITIONS = DEBUG;
				SWIFT_OPTIMIZATION_LEVEL = "-Onone";
			};
			name = Debug;
		};
		045500EE26374AA700CDE69E /* Release */ = {
			isa = XCBuildConfiguration;
			buildSettings = {
				ALWAYS_SEARCH_USER_PATHS = NO;
				CLANG_ANALYZER_NONNULL = YES;
				CLANG_ANALYZER_NUMBER_OBJECT_CONVERSION = YES_AGGRESSIVE;
				CLANG_CXX_LANGUAGE_STANDARD = "gnu++14";
				CLANG_CXX_LIBRARY = "libc++";
				CLANG_ENABLE_MODULES = YES;
				CLANG_ENABLE_OBJC_ARC = YES;
				CLANG_ENABLE_OBJC_WEAK = YES;
				CLANG_WARN_BLOCK_CAPTURE_AUTORELEASING = YES;
				CLANG_WARN_BOOL_CONVERSION = YES;
				CLANG_WARN_COMMA = YES;
				CLANG_WARN_CONSTANT_CONVERSION = YES;
				CLANG_WARN_DEPRECATED_OBJC_IMPLEMENTATIONS = YES;
				CLANG_WARN_DIRECT_OBJC_ISA_USAGE = YES_ERROR;
				CLANG_WARN_DOCUMENTATION_COMMENTS = YES;
				CLANG_WARN_EMPTY_BODY = YES;
				CLANG_WARN_ENUM_CONVERSION = YES;
				CLANG_WARN_INFINITE_RECURSION = YES;
				CLANG_WARN_INT_CONVERSION = YES;
				CLANG_WARN_NON_LITERAL_NULL_CONVERSION = YES;
				CLANG_WARN_OBJC_IMPLICIT_RETAIN_SELF = YES;
				CLANG_WARN_OBJC_LITERAL_CONVERSION = YES;
				CLANG_WARN_OBJC_ROOT_CLASS = YES_ERROR;
				CLANG_WARN_QUOTED_INCLUDE_IN_FRAMEWORK_HEADER = YES;
				CLANG_WARN_RANGE_LOOP_ANALYSIS = YES;
				CLANG_WARN_STRICT_PROTOTYPES = YES;
				CLANG_WARN_SUSPICIOUS_MOVE = YES;
				CLANG_WARN_UNGUARDED_AVAILABILITY = YES_AGGRESSIVE;
				CLANG_WARN_UNREACHABLE_CODE = YES;
				CLANG_WARN__DUPLICATE_METHOD_MATCH = YES;
				COPY_PHASE_STRIP = NO;
				DEBUG_INFORMATION_FORMAT = "dwarf-with-dsym";
				ENABLE_NS_ASSERTIONS = NO;
				ENABLE_STRICT_OBJC_MSGSEND = YES;
				GCC_C_LANGUAGE_STANDARD = gnu11;
				GCC_NO_COMMON_BLOCKS = YES;
				GCC_WARN_64_TO_32_BIT_CONVERSION = YES;
				GCC_WARN_ABOUT_RETURN_TYPE = YES_ERROR;
				GCC_WARN_UNDECLARED_SELECTOR = YES;
				GCC_WARN_UNINITIALIZED_AUTOS = YES_AGGRESSIVE;
				GCC_WARN_UNUSED_FUNCTION = YES;
				GCC_WARN_UNUSED_VARIABLE = YES;
				IPHONEOS_DEPLOYMENT_TARGET = 14.4;
				MTL_ENABLE_DEBUG_INFO = NO;
				MTL_FAST_MATH = YES;
				SDKROOT = iphoneos;
				SWIFT_COMPILATION_MODE = wholemodule;
				SWIFT_OPTIMIZATION_LEVEL = "-O";
				VALIDATE_PRODUCT = YES;
			};
			name = Release;
		};
		045500F026374AA700CDE69E /* Debug */ = {
			isa = XCBuildConfiguration;
			baseConfigurationReference = 427CF2A7B47D51BAEA106390 /* Pods-DressApp.debug.xcconfig */;
			buildSettings = {
				ASSETCATALOG_COMPILER_APPICON_NAME = AppIcon;
				ASSETCATALOG_COMPILER_GLOBAL_ACCENT_COLOR_NAME = AccentColor;
				CODE_SIGN_STYLE = Automatic;
				DEVELOPMENT_ASSET_PATHS = "\"DressApp/Preview Content\"";
				DEVELOPMENT_TEAM = GZ8R999QMH;
				ENABLE_PREVIEWS = YES;
				INFOPLIST_FILE = DressApp/Info.plist;
				LD_RUNPATH_SEARCH_PATHS = (
					"$(inherited)",
					"@executable_path/Frameworks",
				);
				PRODUCT_BUNDLE_IDENTIFIER = Ork.DressingApp;
				PRODUCT_NAME = "$(TARGET_NAME)";
				SWIFT_VERSION = 5.0;
				TARGETED_DEVICE_FAMILY = "1,2";
			};
			name = Debug;
		};
		045500F126374AA700CDE69E /* Release */ = {
			isa = XCBuildConfiguration;
			baseConfigurationReference = 9F39979681CB894E2BBC702C /* Pods-DressApp.release.xcconfig */;
			buildSettings = {
				ASSETCATALOG_COMPILER_APPICON_NAME = AppIcon;
				ASSETCATALOG_COMPILER_GLOBAL_ACCENT_COLOR_NAME = AccentColor;
				CODE_SIGN_STYLE = Automatic;
				DEVELOPMENT_ASSET_PATHS = "\"DressApp/Preview Content\"";
				DEVELOPMENT_TEAM = GZ8R999QMH;
				ENABLE_PREVIEWS = YES;
				INFOPLIST_FILE = DressApp/Info.plist;
				LD_RUNPATH_SEARCH_PATHS = (
					"$(inherited)",
					"@executable_path/Frameworks",
				);
				PRODUCT_BUNDLE_IDENTIFIER = Ork.DressingApp;
				PRODUCT_NAME = "$(TARGET_NAME)";
				SWIFT_VERSION = 5.0;
				TARGETED_DEVICE_FAMILY = "1,2";
			};
			name = Release;
		};
/* End XCBuildConfiguration section */

/* Begin XCConfigurationList section */
		045500D626374AA500CDE69E /* Build configuration list for PBXProject "DressApp" */ = {
			isa = XCConfigurationList;
			buildConfigurations = (
				045500ED26374AA700CDE69E /* Debug */,
				045500EE26374AA700CDE69E /* Release */,
			);
			defaultConfigurationIsVisible = 0;
			defaultConfigurationName = Release;
		};
		045500EF26374AA700CDE69E /* Build configuration list for PBXNativeTarget "DressApp" */ = {
			isa = XCConfigurationList;
			buildConfigurations = (
				045500F026374AA700CDE69E /* Debug */,
				045500F126374AA700CDE69E /* Release */,
			);
			defaultConfigurationIsVisible = 0;
			defaultConfigurationName = Release;
		};
/* End XCConfigurationList section */

/* Begin XCRemoteSwiftPackageReference section */
		04447AD4263AF8CF00D84306 /* XCRemoteSwiftPackageReference "GlassMorphismic" */ = {
			isa = XCRemoteSwiftPackageReference;
			repositoryURL = "https://github.com/taichi-dm/GlassMorphismic";
			requirement = {
				branch = main;
				kind = branch;
			};
		};
/* End XCRemoteSwiftPackageReference section */

/* Begin XCSwiftPackageProductDependency section */
		04447AD5263AF8CF00D84306 /* GlassMorphismic */ = {
			isa = XCSwiftPackageProductDependency;
			package = 04447AD4263AF8CF00D84306 /* XCRemoteSwiftPackageReference "GlassMorphismic" */;
			productName = GlassMorphismic;
		};
/* End XCSwiftPackageProductDependency section */
	};
	rootObject = 045500D326374AA500CDE69E /* Project object */;
}
